// !$*UTF8*$!
{
	archiveVersion = 1;
	classes = {
	};
	objectVersion = 46;
	objects = {

/* Begin PBXBuildFile section */
		8BB2C5221BCA4B0200E843ED /* AppDelegate.swift in Sources */ = {isa = PBXBuildFile; fileRef = 8BB2C5211BCA4B0200E843ED /* AppDelegate.swift */; };
		8BB2C5241BCA4B0200E843ED /* ViewController.swift in Sources */ = {isa = PBXBuildFile; fileRef = 8BB2C5231BCA4B0200E843ED /* ViewController.swift */; };
		8BB2C5271BCA4B0200E843ED /* Main.storyboard in Resources */ = {isa = PBXBuildFile; fileRef = 8BB2C5251BCA4B0200E843ED /* Main.storyboard */; };
		8BB2C5291BCA4B0200E843ED /* Assets.xcassets in Resources */ = {isa = PBXBuildFile; fileRef = 8BB2C5281BCA4B0200E843ED /* Assets.xcassets */; };
		8BB2C52C1BCA4B0200E843ED /* LaunchScreen.storyboard in Resources */ = {isa = PBXBuildFile; fileRef = 8BB2C52A1BCA4B0200E843ED /* LaunchScreen.storyboard */; };
		8BB2C5371BCA4B0200E843ED /* ServiceXTests.swift in Sources */ = {isa = PBXBuildFile; fileRef = 8BB2C5361BCA4B0200E843ED /* ServiceXTests.swift */; };
		8BB2C5421BCA4B0200E843ED /* ServiceXUITests.swift in Sources */ = {isa = PBXBuildFile; fileRef = 8BB2C5411BCA4B0200E843ED /* ServiceXUITests.swift */; };
		8BB2C5501BCAE41200E843ED /* RootTableViewController.swift in Sources */ = {isa = PBXBuildFile; fileRef = 8BB2C54F1BCAE41200E843ED /* RootTableViewController.swift */; settings = {ASSET_TAGS = (); }; };
/* End PBXBuildFile section */

/* Begin PBXContainerItemProxy section */
		8BB2C5331BCA4B0200E843ED /* PBXContainerItemProxy */ = {
			isa = PBXContainerItemProxy;
			containerPortal = 8BB2C5161BCA4B0100E843ED /* Project object */;
			proxyType = 1;
			remoteGlobalIDString = 8BB2C51D1BCA4B0200E843ED;
			remoteInfo = ServiceX;
		};
		8BB2C53E1BCA4B0200E843ED /* PBXContainerItemProxy */ = {
			isa = PBXContainerItemProxy;
			containerPortal = 8BB2C5161BCA4B0100E843ED /* Project object */;
			proxyType = 1;
			remoteGlobalIDString = 8BB2C51D1BCA4B0200E843ED;
			remoteInfo = ServiceX;
		};
/* End PBXContainerItemProxy section */

/* Begin PBXFileReference section */
		8BB2C51E1BCA4B0200E843ED /* ServiceX.app */ = {isa = PBXFileReference; explicitFileType = wrapper.application; includeInIndex = 0; path = ServiceX.app; sourceTree = BUILT_PRODUCTS_DIR; };
		8BB2C5211BCA4B0200E843ED /* AppDelegate.swift */ = {isa = PBXFileReference; lastKnownFileType = sourcecode.swift; path = AppDelegate.swift; sourceTree = "<group>"; };
		8BB2C5231BCA4B0200E843ED /* ViewController.swift */ = {isa = PBXFileReference; lastKnownFileType = sourcecode.swift; path = ViewController.swift; sourceTree = "<group>"; };
		8BB2C5261BCA4B0200E843ED /* Base */ = {isa = PBXFileReference; lastKnownFileType = file.storyboard; name = Base; path = Base.lproj/Main.storyboard; sourceTree = "<group>"; };
		8BB2C5281BCA4B0200E843ED /* Assets.xcassets */ = {isa = PBXFileReference; lastKnownFileType = folder.assetcatalog; path = Assets.xcassets; sourceTree = "<group>"; };
		8BB2C52B1BCA4B0200E843ED /* Base */ = {isa = PBXFileReference; lastKnownFileType = file.storyboard; name = Base; path = Base.lproj/LaunchScreen.storyboard; sourceTree = "<group>"; };
		8BB2C52D1BCA4B0200E843ED /* Info.plist */ = {isa = PBXFileReference; lastKnownFileType = text.plist.xml; path = Info.plist; sourceTree = "<group>"; };
		8BB2C5321BCA4B0200E843ED /* ServiceXTests.xctest */ = {isa = PBXFileReference; explicitFileType = wrapper.cfbundle; includeInIndex = 0; path = ServiceXTests.xctest; sourceTree = BUILT_PRODUCTS_DIR; };
		8BB2C5361BCA4B0200E843ED /* ServiceXTests.swift */ = {isa = PBXFileReference; lastKnownFileType = sourcecode.swift; path = ServiceXTests.swift; sourceTree = "<group>"; };
		8BB2C5381BCA4B0200E843ED /* Info.plist */ = {isa = PBXFileReference; lastKnownFileType = text.plist.xml; path = Info.plist; sourceTree = "<group>"; };
		8BB2C53D1BCA4B0200E843ED /* ServiceXUITests.xctest */ = {isa = PBXFileReference; explicitFileType = wrapper.cfbundle; includeInIndex = 0; path = ServiceXUITests.xctest; sourceTree = BUILT_PRODUCTS_DIR; };
		8BB2C5411BCA4B0200E843ED /* ServiceXUITests.swift */ = {isa = PBXFileReference; lastKnownFileType = sourcecode.swift; path = ServiceXUITests.swift; sourceTree = "<group>"; };
		8BB2C5431BCA4B0200E843ED /* Info.plist */ = {isa = PBXFileReference; lastKnownFileType = text.plist.xml; path = Info.plist; sourceTree = "<group>"; };
		8BB2C54F1BCAE41200E843ED /* RootTableViewController.swift */ = {isa = PBXFileReference; fileEncoding = 4; lastKnownFileType = sourcecode.swift; path = RootTableViewController.swift; sourceTree = "<group>"; };
/* End PBXFileReference section */

/* Begin PBXFrameworksBuildPhase section */
		8BB2C51B1BCA4B0200E843ED /* Frameworks */ = {
			isa = PBXFrameworksBuildPhase;
			buildActionMask = 2147483647;
			files = (
			);
			runOnlyForDeploymentPostprocessing = 0;
		};
		8BB2C52F1BCA4B0200E843ED /* Frameworks */ = {
			isa = PBXFrameworksBuildPhase;
			buildActionMask = 2147483647;
			files = (
			);
			runOnlyForDeploymentPostprocessing = 0;
		};
		8BB2C53A1BCA4B0200E843ED /* Frameworks */ = {
			isa = PBXFrameworksBuildPhase;
			buildActionMask = 2147483647;
			files = (
			);
			runOnlyForDeploymentPostprocessing = 0;
		};
/* End PBXFrameworksBuildPhase section */

/* Begin PBXGroup section */
		8BB2C5151BCA4B0100E843ED = {
			isa = PBXGroup;
			children = (
				8BB2C5201BCA4B0200E843ED /* ServiceX */,
				8BB2C5351BCA4B0200E843ED /* ServiceXTests */,
				8BB2C5401BCA4B0200E843ED /* ServiceXUITests */,
				8BB2C51F1BCA4B0200E843ED /* Products */,
			);
			sourceTree = "<group>";
		};
		8BB2C51F1BCA4B0200E843ED /* Products */ = {
			isa = PBXGroup;
			children = (
				8BB2C51E1BCA4B0200E843ED /* ServiceX.app */,
				8BB2C5321BCA4B0200E843ED /* ServiceXTests.xctest */,
				8BB2C53D1BCA4B0200E843ED /* ServiceXUITests.xctest */,
			);
			name = Products;
			sourceTree = "<group>";
		};
		8BB2C5201BCA4B0200E843ED /* ServiceX */ = {
			isa = PBXGroup;
			children = (
				8BB2C5211BCA4B0200E843ED /* AppDelegate.swift */,
				8BB2C5231BCA4B0200E843ED /* ViewController.swift */,
				8BB2C5251BCA4B0200E843ED /* Main.storyboard */,
				8BB2C5281BCA4B0200E843ED /* Assets.xcassets */,
				8BB2C52A1BCA4B0200E843ED /* LaunchScreen.storyboard */,
				8BB2C52D1BCA4B0200E843ED /* Info.plist */,
				8BB2C54F1BCAE41200E843ED /* RootTableViewController.swift */,
			);
			path = ServiceX;
			sourceTree = "<group>";
		};
		8BB2C5351BCA4B0200E843ED /* ServiceXTests */ = {
			isa = PBXGroup;
			children = (
				8BB2C5361BCA4B0200E843ED /* ServiceXTests.swift */,
				8BB2C5381BCA4B0200E843ED /* Info.plist */,
			);
			path = ServiceXTests;
			sourceTree = "<group>";
		};
		8BB2C5401BCA4B0200E843ED /* ServiceXUITests */ = {
			isa = PBXGroup;
			children = (
				8BB2C5411BCA4B0200E843ED /* ServiceXUITests.swift */,
				8BB2C5431BCA4B0200E843ED /* Info.plist */,
			);
			path = ServiceXUITests;
			sourceTree = "<group>";
		};
/* End PBXGroup section */

/* Begin PBXNativeTarget section */
		8BB2C51D1BCA4B0200E843ED /* ServiceX */ = {
			isa = PBXNativeTarget;
			buildConfigurationList = 8BB2C5461BCA4B0200E843ED /* Build configuration list for PBXNativeTarget "ServiceX" */;
			buildPhases = (
				8BB2C51A1BCA4B0200E843ED /* Sources */,
				8BB2C51B1BCA4B0200E843ED /* Frameworks */,
				8BB2C51C1BCA4B0200E843ED /* Resources */,
			);
			buildRules = (
			);
			dependencies = (
			);
			name = ServiceX;
			productName = ServiceX;
			productReference = 8BB2C51E1BCA4B0200E843ED /* ServiceX.app */;
			productType = "com.apple.product-type.application";
		};
		8BB2C5311BCA4B0200E843ED /* ServiceXTests */ = {
			isa = PBXNativeTarget;
			buildConfigurationList = 8BB2C5491BCA4B0200E843ED /* Build configuration list for PBXNativeTarget "ServiceXTests" */;
			buildPhases = (
				8BB2C52E1BCA4B0200E843ED /* Sources */,
				8BB2C52F1BCA4B0200E843ED /* Frameworks */,
				8BB2C5301BCA4B0200E843ED /* Resources */,
			);
			buildRules = (
			);
			dependencies = (
				8BB2C5341BCA4B0200E843ED /* PBXTargetDependency */,
			);
			name = ServiceXTests;
			productName = ServiceXTests;
			productReference = 8BB2C5321BCA4B0200E843ED /* ServiceXTests.xctest */;
			productType = "com.apple.product-type.bundle.unit-test";
		};
		8BB2C53C1BCA4B0200E843ED /* ServiceXUITests */ = {
			isa = PBXNativeTarget;
			buildConfigurationList = 8BB2C54C1BCA4B0200E843ED /* Build configuration list for PBXNativeTarget "ServiceXUITests" */;
			buildPhases = (
				8BB2C5391BCA4B0200E843ED /* Sources */,
				8BB2C53A1BCA4B0200E843ED /* Frameworks */,
				8BB2C53B1BCA4B0200E843ED /* Resources */,
			);
			buildRules = (
			);
			dependencies = (
				8BB2C53F1BCA4B0200E843ED /* PBXTargetDependency */,
			);
			name = ServiceXUITests;
			productName = ServiceXUITests;
			productReference = 8BB2C53D1BCA4B0200E843ED /* ServiceXUITests.xctest */;
			productType = "com.apple.product-type.bundle.ui-testing";
		};
/* End PBXNativeTarget section */

/* Begin PBXProject section */
		8BB2C5161BCA4B0100E843ED /* Project object */ = {
			isa = PBXProject;
			attributes = {
				LastUpgradeCheck = 0700;
				ORGANIZATIONNAME = WeDream;
				TargetAttributes = {
					8BB2C51D1BCA4B0200E843ED = {
						CreatedOnToolsVersion = 7.0.1;
					};
					8BB2C5311BCA4B0200E843ED = {
						CreatedOnToolsVersion = 7.0.1;
						TestTargetID = 8BB2C51D1BCA4B0200E843ED;
					};
					8BB2C53C1BCA4B0200E843ED = {
						CreatedOnToolsVersion = 7.0.1;
						TestTargetID = 8BB2C51D1BCA4B0200E843ED;
					};
				};
			};
			buildConfigurationList = 8BB2C5191BCA4B0100E843ED /* Build configuration list for PBXProject "ServiceX" */;
			compatibilityVersion = "Xcode 3.2";
			developmentRegion = English;
			hasScannedForEncodings = 0;
			knownRegions = (
				en,
				Base,
			);
			mainGroup = 8BB2C5151BCA4B0100E843ED;
			productRefGroup = 8BB2C51F1BCA4B0200E843ED /* Products */;
			projectDirPath = "";
			projectRoot = "";
			targets = (
				8BB2C51D1BCA4B0200E843ED /* ServiceX */,
				8BB2C5311BCA4B0200E843ED /* ServiceXTests */,
				8BB2C53C1BCA4B0200E843ED /* ServiceXUITests */,
			);
		};
/* End PBXProject section */

/* Begin PBXResourcesBuildPhase section */
		8BB2C51C1BCA4B0200E843ED /* Resources */ = {
			isa = PBXResourcesBuildPhase;
			buildActionMask = 2147483647;
			files = (
				8BB2C52C1BCA4B0200E843ED /* LaunchScreen.storyboard in Resources */,
				8BB2C5291BCA4B0200E843ED /* Assets.xcassets in Resources */,
				8BB2C5271BCA4B0200E843ED /* Main.storyboard in Resources */,
			);
			runOnlyForDeploymentPostprocessing = 0;
		};
		8BB2C5301BCA4B0200E843ED /* Resources */ = {
			isa = PBXResourcesBuildPhase;
			buildActionMask = 2147483647;
			files = (
			);
			runOnlyForDeploymentPostprocessing = 0;
		};
		8BB2C53B1BCA4B0200E843ED /* Resources */ = {
			isa = PBXResourcesBuildPhase;
			buildActionMask = 2147483647;
			files = (
			);
			runOnlyForDeploymentPostprocessing = 0;
		};
/* End PBXResourcesBuildPhase section */

/* Begin PBXSourcesBuildPhase section */
		8BB2C51A1BCA4B0200E843ED /* Sources */ = {
			isa = PBXSourcesBuildPhase;
			buildActionMask = 2147483647;
			files = (
				8BB2C5241BCA4B0200E843ED /* ViewController.swift in Sources */,
				8BB2C5501BCAE41200E843ED /* RootTableViewController.swift in Sources */,
				8BB2C5221BCA4B0200E843ED /* AppDelegate.swift in Sources */,
			);
			runOnlyForDeploymentPostprocessing = 0;
		};
		8BB2C52E1BCA4B0200E843ED /* Sources */ = {
			isa = PBXSourcesBuildPhase;
			buildActionMask = 2147483647;
			files = (
				8BB2C5371BCA4B0200E843ED /* ServiceXTests.swift in Sources */,
			);
			runOnlyForDeploymentPostprocessing = 0;
		};
		8BB2C5391BCA4B0200E843ED /* Sources */ = {
			isa = PBXSourcesBuildPhase;
			buildActionMask = 2147483647;
			files = (
				8BB2C5421BCA4B0200E843ED /* ServiceXUITests.swift in Sources */,
			);
			runOnlyForDeploymentPostprocessing = 0;
		};
/* End PBXSourcesBuildPhase section */

/* Begin PBXTargetDependency section */
		8BB2C5341BCA4B0200E843ED /* PBXTargetDependency */ = {
			isa = PBXTargetDependency;
			target = 8BB2C51D1BCA4B0200E843ED /* ServiceX */;
			targetProxy = 8BB2C5331BCA4B0200E843ED /* PBXContainerItemProxy */;
		};
		8BB2C53F1BCA4B0200E843ED /* PBXTargetDependency */ = {
			isa = PBXTargetDependency;
			target = 8BB2C51D1BCA4B0200E843ED /* ServiceX */;
			targetProxy = 8BB2C53E1BCA4B0200E843ED /* PBXContainerItemProxy */;
		};
/* End PBXTargetDependency section */

/* Begin PBXVariantGroup section */
		8BB2C5251BCA4B0200E843ED /* Main.storyboard */ = {
			isa = PBXVariantGroup;
			children = (
				8BB2C5261BCA4B0200E843ED /* Base */,
			);
			name = Main.storyboard;
			sourceTree = "<group>";
		};
		8BB2C52A1BCA4B0200E843ED /* LaunchScreen.storyboard */ = {
			isa = PBXVariantGroup;
			children = (
				8BB2C52B1BCA4B0200E843ED /* Base */,
			);
			name = LaunchScreen.storyboard;
			sourceTree = "<group>";
		};
/* End PBXVariantGroup section */

/* Begin XCBuildConfiguration section */
		8BB2C5441BCA4B0200E843ED /* Debug */ = {
			isa = XCBuildConfiguration;
			buildSettings = {
				ALWAYS_SEARCH_USER_PATHS = NO;
				CLANG_CXX_LANGUAGE_STANDARD = "gnu++0x";
				CLANG_CXX_LIBRARY = "libc++";
				CLANG_ENABLE_MODULES = YES;
				CLANG_ENABLE_OBJC_ARC = YES;
				CLANG_WARN_BOOL_CONVERSION = YES;
				CLANG_WARN_CONSTANT_CONVERSION = YES;
				CLANG_WARN_DIRECT_OBJC_ISA_USAGE = YES_ERROR;
				CLANG_WARN_EMPTY_BODY = YES;
				CLANG_WARN_ENUM_CONVERSION = YES;
				CLANG_WARN_INT_CONVERSION = YES;
				CLANG_WARN_OBJC_ROOT_CLASS = YES_ERROR;
				CLANG_WARN_UNREACHABLE_CODE = YES;
				CLANG_WARN__DUPLICATE_METHOD_MATCH = YES;
				"CODE_SIGN_IDENTITY[sdk=iphoneos*]" = "iPhone Developer";
				COPY_PHASE_STRIP = NO;
				DEBUG_INFORMATION_FORMAT = dwarf;
				ENABLE_STRICT_OBJC_MSGSEND = YES;
				ENABLE_TESTABILITY = YES;
				GCC_C_LANGUAGE_STANDARD = gnu99;
				GCC_DYNAMIC_NO_PIC = NO;
				GCC_NO_COMMON_BLOCKS = YES;
				GCC_OPTIMIZATION_LEVEL = 0;
				GCC_PREPROCESSOR_DEFINITIONS = (
					"DEBUG=1",
					"$(inherited)",
				);
				GCC_WARN_64_TO_32_BIT_CONVERSION = YES;
				GCC_WARN_ABOUT_RETURN_TYPE = YES_ERROR;
				GCC_WARN_UNDECLARED_SELECTOR = YES;
				GCC_WARN_UNINITIALIZED_AUTOS = YES_AGGRESSIVE;
				GCC_WARN_UNUSED_FUNCTION = YES;
				GCC_WARN_UNUSED_VARIABLE = YES;
				IPHONEOS_DEPLOYMENT_TARGET = 9.0;
				MTL_ENABLE_DEBUG_INFO = YES;
				ONLY_ACTIVE_ARCH = YES;
				SDKROOT = iphoneos;
				SWIFT_OPTIMIZATION_LEVEL = "-Onone";
				TARGETED_DEVICE_FAMILY = "1,2";
			};
			name = Debug;
		};
		8BB2C5451BCA4B0200E843ED /* Release */ = {
			isa = XCBuildConfiguration;
			buildSettings = {
				ALWAYS_SEARCH_USER_PATHS = NO;
				CLANG_CXX_LANGUAGE_STANDARD = "gnu++0x";
				CLANG_CXX_LIBRARY = "libc++";
				CLANG_ENABLE_MODULES = YES;
				CLANG_ENABLE_OBJC_ARC = YES;
				CLANG_WARN_BOOL_CONVERSION = YES;
				CLANG_WARN_CONSTANT_CONVERSION = YES;
				CLANG_WARN_DIRECT_OBJC_ISA_USAGE = YES_ERROR;
				CLANG_WARN_EMPTY_BODY = YES;
				CLANG_WARN_ENUM_CONVERSION = YES;
				CLANG_WARN_INT_CONVERSION = YES;
				CLANG_WARN_OBJC_ROOT_CLASS = YES_ERROR;
				CLANG_WARN_UNREACHABLE_CODE = YES;
				CLANG_WARN__DUPLICATE_METHOD_MATCH = YES;
				"CODE_SIGN_IDENTITY[sdk=iphoneos*]" = "iPhone Developer";
				COPY_PHASE_STRIP = NO;
				DEBUG_INFORMATION_FORMAT = "dwarf-with-dsym";
				ENABLE_NS_ASSERTIONS = NO;
				ENABLE_STRICT_OBJC_MSGSEND = YES;
				GCC_C_LANGUAGE_STANDARD = gnu99;
				GCC_NO_COMMON_BLOCKS = YES;
				GCC_WARN_64_TO_32_BIT_CONVERSION = YES;
				GCC_WARN_ABOUT_RETURN_TYPE = YES_ERROR;
				GCC_WARN_UNDECLARED_SELECTOR = YES;
				GCC_WARN_UNINITIALIZED_AUTOS = YES_AGGRESSIVE;
				GCC_WARN_UNUSED_FUNCTION = YES;
				GCC_WARN_UNUSED_VARIABLE = YES;
				IPHONEOS_DEPLOYMENT_TARGET = 9.0;
				MTL_ENABLE_DEBUG_INFO = NO;
				SDKROOT = iphoneos;
				TARGETED_DEVICE_FAMILY = "1,2";
				VALIDATE_PRODUCT = YES;
			};
			name = Release;
		};
		8BB2C5471BCA4B0200E843ED /* Debug */ = {
			isa = XCBuildConfiguration;
			buildSettings = {
				ASSETCATALOG_COMPILER_APPICON_NAME = AppIcon;
				INFOPLIST_FILE = ServiceX/Info.plist;
				LD_RUNPATH_SEARCH_PATHS = "$(inherited) @executable_path/Frameworks";
				PRODUCT_BUNDLE_IDENTIFIER = WeDream.ServiceX;
				PRODUCT_NAME = "$(TARGET_NAME)";
			};
			name = Debug;
		};
		8BB2C5481BCA4B0200E843ED /* Release */ = {
			isa = XCBuildConfiguration;
			buildSettings = {
				ASSETCATALOG_COMPILER_APPICON_NAME = AppIcon;
				INFOPLIST_FILE = ServiceX/Info.plist;
				LD_RUNPATH_SEARCH_PATHS = "$(inherited) @executable_path/Frameworks";
				PRODUCT_BUNDLE_IDENTIFIER = WeDream.ServiceX;
				PRODUCT_NAME = "$(TARGET_NAME)";
			};
			name = Release;
		};
		8BB2C54A1BCA4B0200E843ED /* Debug */ = {
			isa = XCBuildConfiguration;
			buildSettings = {
				BUNDLE_LOADER = "$(TEST_HOST)";
				INFOPLIST_FILE = ServiceXTests/Info.plist;
				LD_RUNPATH_SEARCH_PATHS = "$(inherited) @executable_path/Frameworks @loader_path/Frameworks";
				PRODUCT_BUNDLE_IDENTIFIER = WeDream.ServiceXTests;
				PRODUCT_NAME = "$(TARGET_NAME)";
				TEST_HOST = "$(BUILT_PRODUCTS_DIR)/ServiceX.app/ServiceX";
			};
			name = Debug;
		};
		8BB2C54B1BCA4B0200E843ED /* Release */ = {
			isa = XCBuildConfiguration;
			buildSettings = {
				BUNDLE_LOADER = "$(TEST_HOST)";
				INFOPLIST_FILE = ServiceXTests/Info.plist;
				LD_RUNPATH_SEARCH_PATHS = "$(inherited) @executable_path/Frameworks @loader_path/Frameworks";
				PRODUCT_BUNDLE_IDENTIFIER = WeDream.ServiceXTests;
				PRODUCT_NAME = "$(TARGET_NAME)";
				TEST_HOST = "$(BUILT_PRODUCTS_DIR)/ServiceX.app/ServiceX";
			};
			name = Release;
		};
		8BB2C54D1BCA4B0200E843ED /* Debug */ = {
			isa = XCBuildConfiguration;
			buildSettings = {
				INFOPLIST_FILE = ServiceXUITests/Info.plist;
				LD_RUNPATH_SEARCH_PATHS = "$(inherited) @executable_path/Frameworks @loader_path/Frameworks";
				PRODUCT_BUNDLE_IDENTIFIER = WeDream.ServiceXUITests;
				PRODUCT_NAME = "$(TARGET_NAME)";
				TEST_TARGET_NAME = ServiceX;
				USES_XCTRUNNER = YES;
			};
			name = Debug;
		};
		8BB2C54E1BCA4B0200E843ED /* Release */ = {
			isa = XCBuildConfiguration;
			buildSettings = {
				INFOPLIST_FILE = ServiceXUITests/Info.plist;
				LD_RUNPATH_SEARCH_PATHS = "$(inherited) @executable_path/Frameworks @loader_path/Frameworks";
				PRODUCT_BUNDLE_IDENTIFIER = WeDream.ServiceXUITests;
				PRODUCT_NAME = "$(TARGET_NAME)";
				TEST_TARGET_NAME = ServiceX;
				USES_XCTRUNNER = YES;
			};
			name = Release;
		};
/* End XCBuildConfiguration section */

/* Begin XCConfigurationList section */
		8BB2C5191BCA4B0100E843ED /* Build configuration list for PBXProject "ServiceX" */ = {
			isa = XCConfigurationList;
			buildConfigurations = (
				8BB2C5441BCA4B0200E843ED /* Debug */,
				8BB2C5451BCA4B0200E843ED /* Release */,
			);
			defaultConfigurationIsVisible = 0;
			defaultConfigurationName = Release;
		};
		8BB2C5461BCA4B0200E843ED /* Build configuration list for PBXNativeTarget "ServiceX" */ = {
			isa = XCConfigurationList;
			buildConfigurations = (
				8BB2C5471BCA4B0200E843ED /* Debug */,
				8BB2C5481BCA4B0200E843ED /* Release */,
			);
			defaultConfigurationIsVisible = 0;
		};
		8BB2C5491BCA4B0200E843ED /* Build configuration list for PBXNativeTarget "ServiceXTests" */ = {
			isa = XCConfigurationList;
			buildConfigurations = (
				8BB2C54A1BCA4B0200E843ED /* Debug */,
				8BB2C54B1BCA4B0200E843ED /* Release */,
			);
			defaultConfigurationIsVisible = 0;
		};
		8BB2C54C1BCA4B0200E843ED /* Build configuration list for PBXNativeTarget "ServiceXUITests" */ = {
			isa = XCConfigurationList;
			buildConfigurations = (
				8BB2C54D1BCA4B0200E843ED /* Debug */,
				8BB2C54E1BCA4B0200E843ED /* Release */,
			);
			defaultConfigurationIsVisible = 0;
		};
/* End XCConfigurationList section */
	};
	rootObject = 8BB2C5161BCA4B0100E843ED /* Project object */;
}
